
Microsoft Visual Studio Solution File, Format Version 12.00
# Visual Studio 14
VisualStudioVersion = 14.0.25420.1
MinimumVisualStudioVersion = 10.0.40219.1
Project("{FAE04EC0-301F-11D3-BF4B-00C04F79EFBC}") = "MyFirstApp", "MyFirstApp\MyFirstApp.csproj", "{334409DC-D8A6-4861-9FA9-D65F53DD7ADE}"
EndProject
Project("{FAE04EC0-301F-11D3-BF4B-00C04F79EFBC}") = "DataLayer", "DataLayer\DataLayer.csproj", "{9C2749BF-6A75-427D-B9D9-71031BCA18D2}"
EndProject
Global
	GlobalSection(SolutionConfigurationPlatforms) = preSolution
		Debug|Any CPU = Debug|Any CPU
		Release|Any CPU = Release|Any CPU
	EndGlobalSection
	GlobalSection(ProjectConfigurationPlatforms) = postSolution
		{334409DC-D8A6-4861-9FA9-D65F53DD7ADE}.Debug|Any CPU.ActiveCfg = Debug|Any CPU
		{334409DC-D8A6-4861-9FA9-D65F53DD7ADE}.Debug|Any CPU.Build.0 = Debug|Any CPU
		{334409DC-D8A6-4861-9FA9-D65F53DD7ADE}.Release|Any CPU.ActiveCfg = Release|Any CPU
		{334409DC-D8A6-4861-9FA9-D65F53DD7ADE}.Release|Any CPU.Build.0 = Release|Any CPU
		{9C2749BF-6A75-427D-B9D9-71031BCA18D2}.Debug|Any CPU.ActiveCfg = Debug|Any CPU
		{9C2749BF-6A75-427D-B9D9-71031BCA18D2}.Debug|Any CPU.Build.0 = Debug|Any CPU
		{9C2749BF-6A75-427D-B9D9-71031BCA18D2}.Release|Any CPU.ActiveCfg = Release|Any CPU
		{9C2749BF-6A75-427D-B9D9-71031BCA18D2}.Release|Any CPU.Build.0 = Release|Any CPU
	EndGlobalSection
	GlobalSection(SolutionProperties) = preSolution
		HideSolutionNode = FALSE
	EndGlobalSection
EndGlobal
